
Microsoft Visual Studio Solution File, Format Version 12.00
# Visual Studio Version 16
VisualStudioVersion = 16.0.31205.134
MinimumVisualStudioVersion = 10.0.40219.1
Project("{FAE04EC0-301F-11D3-BF4B-00C04F79EFBC}") = "gitPlayground", "gitPlayground.csproj", "{75863F13-B3DA-4561-8284-0AA917DCE6FE}"
EndProject
Global
	GlobalSection(SolutionConfigurationPlatforms) = preSolution
		Debug|Any CPU = Debug|Any CPU
		Release|Any CPU = Release|Any CPU
	EndGlobalSection
	GlobalSection(ProjectConfigurationPlatforms) = postSolution
		{75863F13-B3DA-4561-8284-0AA917DCE6FE}.Debug|Any CPU.ActiveCfg = Debug|Any CPU
		{75863F13-B3DA-4561-8284-0AA917DCE6FE}.Debug|Any CPU.Build.0 = Debug|Any CPU
		{75863F13-B3DA-4561-8284-0AA917DCE6FE}.Release|Any CPU.ActiveCfg = Release|Any CPU
		{75863F13-B3DA-4561-8284-0AA917DCE6FE}.Release|Any CPU.Build.0 = Release|Any CPU
	EndGlobalSection
	GlobalSection(SolutionProperties) = preSolution
		HideSolutionNode = FALSE
	EndGlobalSection
	GlobalSection(ExtensibilityGlobals) = postSolution
		SolutionGuid = {319BD1BC-B306-453D-AFCB-AD7CD6AD1374}
	EndGlobalSection
EndGlobal
